
Microsoft Visual Studio Solution File, Format Version 12.00
Project("{FAE04EC0-301F-11D3-BF4B-00C04F79EFBC}") = "NetworkPrimitives.Benchmarks", "benchmarks\NetworkPrimitives.Benchmarks.csproj", "{A175E6CC-B7EA-4822-A661-8A8B6D68FC18}"
EndProject
Global
	GlobalSection(SolutionConfigurationPlatforms) = preSolution
		Debug|Any CPU = Debug|Any CPU
		Release|Any CPU = Release|Any CPU
	EndGlobalSection
	GlobalSection(ProjectConfigurationPlatforms) = postSolution
		{A175E6CC-B7EA-4822-A661-8A8B6D68FC18}.Debug|Any CPU.ActiveCfg = Debug|Any CPU
		{A175E6CC-B7EA-4822-A661-8A8B6D68FC18}.Debug|Any CPU.Build.0 = Debug|Any CPU
		{A175E6CC-B7EA-4822-A661-8A8B6D68FC18}.Release|Any CPU.ActiveCfg = Release|Any CPU
		{A175E6CC-B7EA-4822-A661-8A8B6D68FC18}.Release|Any CPU.Build.0 = Release|Any CPU
	EndGlobalSection
EndGlobal
