
Microsoft Visual Studio Solution File, Format Version 12.00
# Visual Studio Version 17
VisualStudioVersion = 17.0.31717.71
MinimumVisualStudioVersion = 10.0.40219.1
Project("{2150E333-8FDC-42A3-9474-1A3956D46DE8}") = "src", "src", "{9A24AE3F-E98C-406F-8EF6-8816224ECB2B}"
ProjectSection(SolutionItems) = preProject
	src\Directory.Build.props = src\Directory.Build.props
EndProjectSection
EndProject
Project("{2150E333-8FDC-42A3-9474-1A3956D46DE8}") = "tests", "tests", "{1044DFB0-ADCA-41F0-AFA3-B942A47792A1}"
	ProjectSection(SolutionItems) = preProject
		tests\Directory.Build.props = tests\Directory.Build.props
		tests\randomips.json = tests\randomips.json
		tests\range-test-cases.json = tests\range-test-cases.json
	EndProjectSection
EndProject
Project("{9A19103F-16F7-4668-BE54-9A1E7A4F7556}") = "NetworkPrimitives", "src\NetworkPrimitives\NetworkPrimitives.csproj", "{F30DAE77-C764-4CE0-9E63-FF992AEEE251}"
EndProject
Project("{2150E333-8FDC-42A3-9474-1A3956D46DE8}") = "docs", "docs", "{C004A053-6172-4403-935C-6B60AC3B2F53}"
	ProjectSection(SolutionItems) = preProject
		LICENSE = LICENSE
		readme.md = readme.md
		docs\subnetting.md = docs\subnetting.md
		docs\performance.md = docs\performance.md
		docs\json-converters.md = docs\json-converters.md
		docs\range-lists.md = docs\range-lists.md
		docs\benchmarks.md = docs\benchmarks.md
	EndProjectSection
EndProject
Project("{2150E333-8FDC-42A3-9474-1A3956D46DE8}") = "samples", "samples", "{27430A89-25BF-45CC-9F7B-A7F3432045D5}"
ProjectSection(SolutionItems) = preProject
	samples\Demo\Directory.Build.props = samples\Demo\Directory.Build.props
EndProjectSection
EndProject
Project("{9A19103F-16F7-4668-BE54-9A1E7A4F7556}") = "Demo.Core", "samples\Demo\Demo.Core.csproj", "{96F4A4B9-9A95-4ABA-89AC-9279DD385331}"
EndProject
Project("{9A19103F-16F7-4668-BE54-9A1E7A4F7556}") = "Demo.Framework", "samples\Demo\Demo.Framework.csproj", "{C53DE5F2-870E-4A8B-A9E6-0C714A7FC14E}"
EndProject
Project("{9A19103F-16F7-4668-BE54-9A1E7A4F7556}") = "NetworkPrimitives.Tests.Core", "tests\NetworkPrimitives.Tests\NetworkPrimitives.Tests.Core.csproj", "{43216EA7-3C51-424D-8A17-E49A77B0BF19}"
EndProject
Project("{9A19103F-16F7-4668-BE54-9A1E7A4F7556}") = "NetworkPrimitives.Tests.Framework", "tests\NetworkPrimitives.Tests\NetworkPrimitives.Tests.Framework.csproj", "{07E0DA29-1157-4C7E-9211-45EB25E90C69}"
EndProject
Project("{2150E333-8FDC-42A3-9474-1A3956D46DE8}") = "benchmarks", "benchmarks", "{9C775FC2-BF3D-4316-9800-5B1FE338E8A0}"
EndProject
Project("{FAE04EC0-301F-11D3-BF4B-00C04F79EFBC}") = "NetworkPrimitives.Benchmarks", "benchmarks\NetworkPrimitives.Benchmarks.csproj", "{5CBAECD8-2497-48AD-85B5-9E961671E988}"
EndProject
Project("{FAE04EC0-301F-11D3-BF4B-00C04F79EFBC}") = "NetworkPrimitives.JsonConverters", "src\NetworkPrimitives.JsonConverters\NetworkPrimitives.JsonConverters.csproj", "{42CF6E7C-297B-4428-BB8E-66DFB05BB6DA}"
EndProject
Global
	GlobalSection(SharedMSBuildProjectFiles) = preSolution
		src\NetworkPrimitives.Shared\NetworkPrimitives.Shared.projitems*{f30dae77-c764-4ce0-9e63-ff992aeee251}*SharedItemsImports = 5
		src\NetworkPrimitives.Shared\NetworkPrimitives.Shared.projitems*{f91cd3ed-a1ca-4515-9de9-264f8ac68625}*SharedItemsImports = 13
	EndGlobalSection
	GlobalSection(SolutionConfigurationPlatforms) = preSolution
		Debug|Any CPU = Debug|Any CPU
		Release|Any CPU = Release|Any CPU
	EndGlobalSection
	GlobalSection(ProjectConfigurationPlatforms) = postSolution
		{F30DAE77-C764-4CE0-9E63-FF992AEEE251}.Release|Any CPU.ActiveCfg = Release|Any CPU
		{F30DAE77-C764-4CE0-9E63-FF992AEEE251}.Release|Any CPU.Build.0 = Release|Any CPU
		{F30DAE77-C764-4CE0-9E63-FF992AEEE251}.Debug|Any CPU.ActiveCfg = Debug|Any CPU
		{F30DAE77-C764-4CE0-9E63-FF992AEEE251}.Debug|Any CPU.Build.0 = Debug|Any CPU
		{96F4A4B9-9A95-4ABA-89AC-9279DD385331}.Debug|Any CPU.ActiveCfg = Debug|Any CPU
		{96F4A4B9-9A95-4ABA-89AC-9279DD385331}.Debug|Any CPU.Build.0 = Debug|Any CPU
		{96F4A4B9-9A95-4ABA-89AC-9279DD385331}.Release|Any CPU.ActiveCfg = Release|Any CPU
		{96F4A4B9-9A95-4ABA-89AC-9279DD385331}.Release|Any CPU.Build.0 = Release|Any CPU
		{C53DE5F2-870E-4A8B-A9E6-0C714A7FC14E}.Debug|Any CPU.ActiveCfg = Debug|Any CPU
		{C53DE5F2-870E-4A8B-A9E6-0C714A7FC14E}.Debug|Any CPU.Build.0 = Debug|Any CPU
		{C53DE5F2-870E-4A8B-A9E6-0C714A7FC14E}.Release|Any CPU.ActiveCfg = Release|Any CPU
		{C53DE5F2-870E-4A8B-A9E6-0C714A7FC14E}.Release|Any CPU.Build.0 = Release|Any CPU
		{43216EA7-3C51-424D-8A17-E49A77B0BF19}.Debug|Any CPU.ActiveCfg = Debug|Any CPU
		{43216EA7-3C51-424D-8A17-E49A77B0BF19}.Debug|Any CPU.Build.0 = Debug|Any CPU
		{43216EA7-3C51-424D-8A17-E49A77B0BF19}.Release|Any CPU.ActiveCfg = Release|Any CPU
		{43216EA7-3C51-424D-8A17-E49A77B0BF19}.Release|Any CPU.Build.0 = Release|Any CPU
		{07E0DA29-1157-4C7E-9211-45EB25E90C69}.Debug|Any CPU.ActiveCfg = Debug|Any CPU
		{07E0DA29-1157-4C7E-9211-45EB25E90C69}.Debug|Any CPU.Build.0 = Debug|Any CPU
		{07E0DA29-1157-4C7E-9211-45EB25E90C69}.Release|Any CPU.ActiveCfg = Release|Any CPU
		{07E0DA29-1157-4C7E-9211-45EB25E90C69}.Release|Any CPU.Build.0 = Release|Any CPU
		{5CBAECD8-2497-48AD-85B5-9E961671E988}.Debug|Any CPU.ActiveCfg = Debug|Any CPU
		{5CBAECD8-2497-48AD-85B5-9E961671E988}.Debug|Any CPU.Build.0 = Debug|Any CPU
		{5CBAECD8-2497-48AD-85B5-9E961671E988}.Release|Any CPU.ActiveCfg = Release|Any CPU
		{5CBAECD8-2497-48AD-85B5-9E961671E988}.Release|Any CPU.Build.0 = Release|Any CPU
		{42CF6E7C-297B-4428-BB8E-66DFB05BB6DA}.Debug|Any CPU.ActiveCfg = Debug|Any CPU
		{42CF6E7C-297B-4428-BB8E-66DFB05BB6DA}.Debug|Any CPU.Build.0 = Debug|Any CPU
		{42CF6E7C-297B-4428-BB8E-66DFB05BB6DA}.Release|Any CPU.ActiveCfg = Release|Any CPU
		{42CF6E7C-297B-4428-BB8E-66DFB05BB6DA}.Release|Any CPU.Build.0 = Release|Any CPU
	EndGlobalSection
	GlobalSection(SolutionProperties) = preSolution
		HideSolutionNode = FALSE
	EndGlobalSection
	GlobalSection(NestedProjects) = preSolution
		{F30DAE77-C764-4CE0-9E63-FF992AEEE251} = {9A24AE3F-E98C-406F-8EF6-8816224ECB2B}
		{96F4A4B9-9A95-4ABA-89AC-9279DD385331} = {27430A89-25BF-45CC-9F7B-A7F3432045D5}
		{C53DE5F2-870E-4A8B-A9E6-0C714A7FC14E} = {27430A89-25BF-45CC-9F7B-A7F3432045D5}
		{43216EA7-3C51-424D-8A17-E49A77B0BF19} = {1044DFB0-ADCA-41F0-AFA3-B942A47792A1}
		{07E0DA29-1157-4C7E-9211-45EB25E90C69} = {1044DFB0-ADCA-41F0-AFA3-B942A47792A1}
		{5CBAECD8-2497-48AD-85B5-9E961671E988} = {9C775FC2-BF3D-4316-9800-5B1FE338E8A0}
		{42CF6E7C-297B-4428-BB8E-66DFB05BB6DA} = {9A24AE3F-E98C-406F-8EF6-8816224ECB2B}
	EndGlobalSection
	GlobalSection(ExtensibilityGlobals) = postSolution
		SolutionGuid = {157805D8-FB4B-4043-ABB9-61C17CC21945}
	EndGlobalSection
EndGlobal
