
Microsoft Visual Studio Solution File, Format Version 12.00
# Visual Studio Version 17
VisualStudioVersion = 17.0.31717.71
MinimumVisualStudioVersion = 10.0.40219.1
Project("{2150E333-8FDC-42A3-9474-1A3956D46DE8}") = "src", "src", "{9A24AE3F-E98C-406F-8EF6-8816224ECB2B}"
	ProjectSection(SolutionItems) = preProject
		src\Directory.Build.props = src\Directory.Build.props
	EndProjectSection
EndProject
Project("{2150E333-8FDC-42A3-9474-1A3956D46DE8}") = "tests", "tests", "{1044DFB0-ADCA-41F0-AFA3-B942A47792A1}"
	ProjectSection(SolutionItems) = preProject
		tests\Directory.Build.props = tests\Directory.Build.props
	EndProjectSection
EndProject
Project("{9A19103F-16F7-4668-BE54-9A1E7A4F7556}") = "NetworkPrimitives.Tests.Framework", "tests\NetworkPrimitives.Tests\NetworkPrimitives.Tests.Framework.csproj", "{5F5443BE-4CD8-41A4-B2EE-55F4AE84ABD6}"
EndProject
Project("{9A19103F-16F7-4668-BE54-9A1E7A4F7556}") = "NetworkPrimitives.Common", "src\NetworkPrimitives.Common\NetworkPrimitives.Common.csproj", "{9F88B24D-2CA8-4178-B575-CEA182FCF776}"
EndProject
Project("{9A19103F-16F7-4668-BE54-9A1E7A4F7556}") = "NetworkPrimitives.Ipv4", "src\NetworkPrimitives.Ipv4\NetworkPrimitives.Ipv4.csproj", "{F30DAE77-C764-4CE0-9E63-FF992AEEE251}"
EndProject
Project("{9A19103F-16F7-4668-BE54-9A1E7A4F7556}") = "NetworkPrimitives.Ipv6", "src\NetworkPrimitives.Ipv6\NetworkPrimitives.Ipv6.csproj", "{709472BB-D33D-40B3-A43B-7F1B4347B3D1}"
EndProject
Project("{2150E333-8FDC-42A3-9474-1A3956D46DE8}") = "Tests", "Tests", "{6A381B44-AB27-400F-9306-FEB6DC49F38A}"
EndProject
Project("{2150E333-8FDC-42A3-9474-1A3956D46DE8}") = "docs", "docs", "{C004A053-6172-4403-935C-6B60AC3B2F53}"
	ProjectSection(SolutionItems) = preProject
		docs\ipv4.md = docs\ipv4.md
		docs\ipv6.md = docs\ipv6.md
		LICENSE = LICENSE
		readme.md = readme.md
		docs\switching.md = docs\switching.md
	EndProjectSection
EndProject
Project("{9A19103F-16F7-4668-BE54-9A1E7A4F7556}") = "NetworkPrimitives.Switching", "src\NetworkPrimitives.Switching\NetworkPrimitives.Switching.csproj", "{AD9EC0EF-2227-4FA4-8174-22E3544A5EF6}"
EndProject
Project("{9A19103F-16F7-4668-BE54-9A1E7A4F7556}") = "NetworkPrimitives.Yang", "src\NetworkPrimitives.Yang\NetworkPrimitives.Yang.csproj", "{A02C01D2-375D-4774-AB09-A9C98710D0F8}"
EndProject
Project("{2150E333-8FDC-42A3-9474-1A3956D46DE8}") = "TestData", "TestData", "{EAD76E9F-50DC-47C8-ABE9-6975E6E140F3}"
	ProjectSection(SolutionItems) = preProject
		tests\GenerateTestCases.ps1 = tests\GenerateTestCases.ps1
		tests\randomips.csv = tests\randomips.csv
		tests\randomips.json = tests\randomips.json
	EndProjectSection
EndProject
Project("{FAE04EC0-301F-11D3-BF4B-00C04F79EFBC}") = "NetworkPrimitives.Tests.Core", "tests\NetworkPrimitives.Tests\NetworkPrimitives.Tests.Core.csproj", "{7750B01A-268E-481C-845E-C94884FC449A}"
EndProject
Global
	GlobalSection(SharedMSBuildProjectFiles) = preSolution
		tests\NetworkPrimitives.Tests\NetworkPrimitives.Tests.projitems*{1ed55674-d8a5-48af-8cea-eff47728c5d7}*SharedItemsImports = 13
		tests\Demo\Demo\Demo.projitems*{259b9fdd-acf3-4eff-a0c8-3c48d38b00d4}*SharedItemsImports = 13
		tests\Demo\Demo\Demo.projitems*{80f9e3e6-8f39-4b93-9c70-c4bd31b3aa84}*SharedItemsImports = 5
		tests\NetworkPrimitives.Tests\NetworkPrimitives.Tests.projitems*{d1b692d8-8578-4b87-9cca-0ac3ecf86540}*SharedItemsImports = 5
		tests\Demo\Demo\Demo.projitems*{d2cb65a6-b7c9-41bb-9dfb-133c517d4a28}*SharedItemsImports = 5
	EndGlobalSection
	GlobalSection(SolutionConfigurationPlatforms) = preSolution
		Debug|Any CPU = Debug|Any CPU
		Release|Any CPU = Release|Any CPU
	EndGlobalSection
	GlobalSection(ProjectConfigurationPlatforms) = postSolution
		{5F5443BE-4CD8-41A4-B2EE-55F4AE84ABD6}.Debug|Any CPU.ActiveCfg = Debug|Any CPU
		{5F5443BE-4CD8-41A4-B2EE-55F4AE84ABD6}.Debug|Any CPU.Build.0 = Debug|Any CPU
		{5F5443BE-4CD8-41A4-B2EE-55F4AE84ABD6}.Release|Any CPU.ActiveCfg = Release|Any CPU
		{5F5443BE-4CD8-41A4-B2EE-55F4AE84ABD6}.Release|Any CPU.Build.0 = Release|Any CPU
		{9F88B24D-2CA8-4178-B575-CEA182FCF776}.Debug|Any CPU.ActiveCfg = Debug|Any CPU
		{9F88B24D-2CA8-4178-B575-CEA182FCF776}.Debug|Any CPU.Build.0 = Debug|Any CPU
		{9F88B24D-2CA8-4178-B575-CEA182FCF776}.Release|Any CPU.ActiveCfg = Release|Any CPU
		{9F88B24D-2CA8-4178-B575-CEA182FCF776}.Release|Any CPU.Build.0 = Release|Any CPU
		{F30DAE77-C764-4CE0-9E63-FF992AEEE251}.Debug|Any CPU.ActiveCfg = Debug|Any CPU
		{F30DAE77-C764-4CE0-9E63-FF992AEEE251}.Debug|Any CPU.Build.0 = Debug|Any CPU
		{F30DAE77-C764-4CE0-9E63-FF992AEEE251}.Release|Any CPU.ActiveCfg = Release|Any CPU
		{F30DAE77-C764-4CE0-9E63-FF992AEEE251}.Release|Any CPU.Build.0 = Release|Any CPU
		{709472BB-D33D-40B3-A43B-7F1B4347B3D1}.Debug|Any CPU.ActiveCfg = Debug|Any CPU
		{709472BB-D33D-40B3-A43B-7F1B4347B3D1}.Debug|Any CPU.Build.0 = Debug|Any CPU
		{709472BB-D33D-40B3-A43B-7F1B4347B3D1}.Release|Any CPU.ActiveCfg = Release|Any CPU
		{709472BB-D33D-40B3-A43B-7F1B4347B3D1}.Release|Any CPU.Build.0 = Release|Any CPU
		{AD9EC0EF-2227-4FA4-8174-22E3544A5EF6}.Debug|Any CPU.ActiveCfg = Debug|Any CPU
		{AD9EC0EF-2227-4FA4-8174-22E3544A5EF6}.Debug|Any CPU.Build.0 = Debug|Any CPU
		{AD9EC0EF-2227-4FA4-8174-22E3544A5EF6}.Release|Any CPU.ActiveCfg = Release|Any CPU
		{AD9EC0EF-2227-4FA4-8174-22E3544A5EF6}.Release|Any CPU.Build.0 = Release|Any CPU
		{A02C01D2-375D-4774-AB09-A9C98710D0F8}.Debug|Any CPU.ActiveCfg = Debug|Any CPU
		{A02C01D2-375D-4774-AB09-A9C98710D0F8}.Debug|Any CPU.Build.0 = Debug|Any CPU
		{A02C01D2-375D-4774-AB09-A9C98710D0F8}.Release|Any CPU.ActiveCfg = Release|Any CPU
		{A02C01D2-375D-4774-AB09-A9C98710D0F8}.Release|Any CPU.Build.0 = Release|Any CPU
		{7750B01A-268E-481C-845E-C94884FC449A}.Debug|Any CPU.ActiveCfg = Debug|Any CPU
		{7750B01A-268E-481C-845E-C94884FC449A}.Debug|Any CPU.Build.0 = Debug|Any CPU
		{7750B01A-268E-481C-845E-C94884FC449A}.Release|Any CPU.ActiveCfg = Release|Any CPU
		{7750B01A-268E-481C-845E-C94884FC449A}.Release|Any CPU.Build.0 = Release|Any CPU
	EndGlobalSection
	GlobalSection(SolutionProperties) = preSolution
		HideSolutionNode = FALSE
	EndGlobalSection
	GlobalSection(NestedProjects) = preSolution
		{5F5443BE-4CD8-41A4-B2EE-55F4AE84ABD6} = {6A381B44-AB27-400F-9306-FEB6DC49F38A}
		{9F88B24D-2CA8-4178-B575-CEA182FCF776} = {9A24AE3F-E98C-406F-8EF6-8816224ECB2B}
		{F30DAE77-C764-4CE0-9E63-FF992AEEE251} = {9A24AE3F-E98C-406F-8EF6-8816224ECB2B}
		{709472BB-D33D-40B3-A43B-7F1B4347B3D1} = {9A24AE3F-E98C-406F-8EF6-8816224ECB2B}
		{6A381B44-AB27-400F-9306-FEB6DC49F38A} = {1044DFB0-ADCA-41F0-AFA3-B942A47792A1}
		{AD9EC0EF-2227-4FA4-8174-22E3544A5EF6} = {9A24AE3F-E98C-406F-8EF6-8816224ECB2B}
		{A02C01D2-375D-4774-AB09-A9C98710D0F8} = {9A24AE3F-E98C-406F-8EF6-8816224ECB2B}
		{EAD76E9F-50DC-47C8-ABE9-6975E6E140F3} = {1044DFB0-ADCA-41F0-AFA3-B942A47792A1}
		{7750B01A-268E-481C-845E-C94884FC449A} = {6A381B44-AB27-400F-9306-FEB6DC49F38A}
	EndGlobalSection
	GlobalSection(ExtensibilityGlobals) = postSolution
		SolutionGuid = {157805D8-FB4B-4043-ABB9-61C17CC21945}
	EndGlobalSection
EndGlobal
